
Microsoft Visual Studio Solution File, Format Version 12.00
# Visual Studio Version 17
VisualStudioVersion = 17.5.33424.131
MinimumVisualStudioVersion = 10.0.40219.1
Project("{9A19103F-16F7-4668-BE54-9A1E7A4F7556}") = "InterlockedStack", "InterlockedStack\InterlockedStack.csproj", "{EDA02749-225F-40E7-9257-2D36C5B52BBF}"
EndProject
Global
	GlobalSection(SolutionConfigurationPlatforms) = preSolution
		Debug|Any CPU = Debug|Any CPU
		Debug|x64 = Debug|x64
		Debug|x86 = Debug|x86
		Release|Any CPU = Release|Any CPU
		Release|x64 = Release|x64
		Release|x86 = Release|x86
	EndGlobalSection
	GlobalSection(ProjectConfigurationPlatforms) = postSolution
		{EDA02749-225F-40E7-9257-2D36C5B52BBF}.Debug|Any CPU.ActiveCfg = Debug|Any CPU
		{EDA02749-225F-40E7-9257-2D36C5B52BBF}.Debug|Any CPU.Build.0 = Debug|Any CPU
		{EDA02749-225F-40E7-9257-2D36C5B52BBF}.Debug|x64.ActiveCfg = Debug|Any CPU
		{EDA02749-225F-40E7-9257-2D36C5B52BBF}.Debug|x64.Build.0 = Debug|Any CPU
		{EDA02749-225F-40E7-9257-2D36C5B52BBF}.Debug|x86.ActiveCfg = Debug|Any CPU
		{EDA02749-225F-40E7-9257-2D36C5B52BBF}.Debug|x86.Build.0 = Debug|Any CPU
		{EDA02749-225F-40E7-9257-2D36C5B52BBF}.Release|Any CPU.ActiveCfg = Release|Any CPU
		{EDA02749-225F-40E7-9257-2D36C5B52BBF}.Release|Any CPU.Build.0 = Release|Any CPU
		{EDA02749-225F-40E7-9257-2D36C5B52BBF}.Release|x64.ActiveCfg = Release|Any CPU
		{EDA02749-225F-40E7-9257-2D36C5B52BBF}.Release|x64.Build.0 = Release|Any CPU
		{EDA02749-225F-40E7-9257-2D36C5B52BBF}.Release|x86.ActiveCfg = Release|Any CPU
		{EDA02749-225F-40E7-9257-2D36C5B52BBF}.Release|x86.Build.0 = Release|Any CPU
	EndGlobalSection
	GlobalSection(SolutionProperties) = preSolution
		HideSolutionNode = FALSE
	EndGlobalSection
	GlobalSection(ExtensibilityGlobals) = postSolution
		SolutionGuid = {1E2CE112-C69D-4158-9870-B567B9E61B27}
	EndGlobalSection
EndGlobal
